// !$*UTF8*$!
{
	archiveVersion = 1;
	classes = {
	};
	objectVersion = 55;
	objects = {

/* Begin PBXBuildFile section */
		F846B91527FB64F8001E6476 /* UsersJSONApp.swift in Sources */ = {isa = PBXBuildFile; fileRef = F846B91427FB64F8001E6476 /* UsersJSONApp.swift */; };
		F846B91927FB64F9001E6476 /* Assets.xcassets in Resources */ = {isa = PBXBuildFile; fileRef = F846B91827FB64F9001E6476 /* Assets.xcassets */; };
		F846B91C27FB64F9001E6476 /* Preview Assets.xcassets in Resources */ = {isa = PBXBuildFile; fileRef = F846B91B27FB64F9001E6476 /* Preview Assets.xcassets */; };
		F8AC8D7027FB6F8100908433 /* previewUser.swift in Sources */ = {isa = PBXBuildFile; fileRef = F8AC8D6F27FB6F8100908433 /* previewUser.swift */; };
		F8AC8D7227FB6F8C00908433 /* User.swift in Sources */ = {isa = PBXBuildFile; fileRef = F8AC8D7127FB6F8C00908433 /* User.swift */; };
		F8AC8D7427FB711300908433 /* UserViewModel.swift in Sources */ = {isa = PBXBuildFile; fileRef = F8AC8D7327FB711300908433 /* UserViewModel.swift */; };
		F8AC8D7627FB738800908433 /* UsersView.swift in Sources */ = {isa = PBXBuildFile; fileRef = F8AC8D7527FB738800908433 /* UsersView.swift */; };
/* End PBXBuildFile section */

/* Begin PBXFileReference section */
		F846B91127FB64F8001E6476 /* UsersJSON.app */ = {isa = PBXFileReference; explicitFileType = wrapper.application; includeInIndex = 0; path = UsersJSON.app; sourceTree = BUILT_PRODUCTS_DIR; };
		F846B91427FB64F8001E6476 /* UsersJSONApp.swift */ = {isa = PBXFileReference; lastKnownFileType = sourcecode.swift; path = UsersJSONApp.swift; sourceTree = "<group>"; };
		F846B91827FB64F9001E6476 /* Assets.xcassets */ = {isa = PBXFileReference; lastKnownFileType = folder.assetcatalog; path = Assets.xcassets; sourceTree = "<group>"; };
		F846B91B27FB64F9001E6476 /* Preview Assets.xcassets */ = {isa = PBXFileReference; lastKnownFileType = folder.assetcatalog; path = "Preview Assets.xcassets"; sourceTree = "<group>"; };
		F8AC8D6F27FB6F8100908433 /* previewUser.swift */ = {isa = PBXFileReference; lastKnownFileType = sourcecode.swift; path = previewUser.swift; sourceTree = "<group>"; };
		F8AC8D7127FB6F8C00908433 /* User.swift */ = {isa = PBXFileReference; lastKnownFileType = sourcecode.swift; path = User.swift; sourceTree = "<group>"; };
		F8AC8D7327FB711300908433 /* UserViewModel.swift */ = {isa = PBXFileReference; lastKnownFileType = sourcecode.swift; path = UserViewModel.swift; sourceTree = "<group>"; };
		F8AC8D7527FB738800908433 /* UsersView.swift */ = {isa = PBXFileReference; lastKnownFileType = sourcecode.swift; path = UsersView.swift; sourceTree = "<group>"; };
/* End PBXFileReference section */

/* Begin PBXFrameworksBuildPhase section */
		F846B90E27FB64F8001E6476 /* Frameworks */ = {
			isa = PBXFrameworksBuildPhase;
			buildActionMask = 2147483647;
			files = (
			);
			runOnlyForDeploymentPostprocessing = 0;
		};
/* End PBXFrameworksBuildPhase section */

/* Begin PBXGroup section */
		F846B90827FB64F8001E6476 = {
			isa = PBXGroup;
			children = (
				F846B91327FB64F8001E6476 /* UsersJSON */,
				F846B91227FB64F8001E6476 /* Products */,
			);
			sourceTree = "<group>";
		};
		F846B91227FB64F8001E6476 /* Products */ = {
			isa = PBXGroup;
			children = (
				F846B91127FB64F8001E6476 /* UsersJSON.app */,
			);
			name = Products;
			sourceTree = "<group>";
		};
		F846B91327FB64F8001E6476 /* UsersJSON */ = {
			isa = PBXGroup;
			children = (
				F846B91427FB64F8001E6476 /* UsersJSONApp.swift */,
				F8AC8D6E27FB6F6B00908433 /* Views */,
				F8AC8D6D27FB6F6300908433 /* ViewModels */,
				F8AC8D6C27FB6F5D00908433 /* Models */,
				F846B91827FB64F9001E6476 /* Assets.xcassets */,
				F846B91A27FB64F9001E6476 /* Preview Content */,
			);
			path = UsersJSON;
			sourceTree = "<group>";
		};
		F846B91A27FB64F9001E6476 /* Preview Content */ = {
			isa = PBXGroup;
			children = (
				F846B91B27FB64F9001E6476 /* Preview Assets.xcassets */,
				F8AC8D6F27FB6F8100908433 /* previewUser.swift */,
			);
			path = "Preview Content";
			sourceTree = "<group>";
		};
		F8AC8D6C27FB6F5D00908433 /* Models */ = {
			isa = PBXGroup;
			children = (
				F8AC8D7127FB6F8C00908433 /* User.swift */,
			);
			path = Models;
			sourceTree = "<group>";
		};
		F8AC8D6D27FB6F6300908433 /* ViewModels */ = {
			isa = PBXGroup;
			children = (
				F8AC8D7327FB711300908433 /* UserViewModel.swift */,
			);
			path = ViewModels;
			sourceTree = "<group>";
		};
		F8AC8D6E27FB6F6B00908433 /* Views */ = {
			isa = PBXGroup;
			children = (
				F8AC8D7527FB738800908433 /* UsersView.swift */,
			);
			path = Views;
			sourceTree = "<group>";
		};
/* End PBXGroup section */

/* Begin PBXNativeTarget section */
		F846B91027FB64F8001E6476 /* UsersJSON */ = {
			isa = PBXNativeTarget;
			buildConfigurationList = F846B91F27FB64F9001E6476 /* Build configuration list for PBXNativeTarget "UsersJSON" */;
			buildPhases = (
				F846B90D27FB64F8001E6476 /* Sources */,
				F846B90E27FB64F8001E6476 /* Frameworks */,
				F846B90F27FB64F8001E6476 /* Resources */,
			);
			buildRules = (
			);
			dependencies = (
			);
			name = UsersJSON;
			productName = UsersJSON;
			productReference = F846B91127FB64F8001E6476 /* UsersJSON.app */;
			productType = "com.apple.product-type.application";
		};
/* End PBXNativeTarget section */

/* Begin PBXProject section */
		F846B90927FB64F8001E6476 /* Project object */ = {
			isa = PBXProject;
			attributes = {
				BuildIndependentTargetsInParallel = 1;
				LastSwiftUpdateCheck = 1330;
				LastUpgradeCheck = 1330;
				TargetAttributes = {
					F846B91027FB64F8001E6476 = {
						CreatedOnToolsVersion = 13.3;
					};
				};
			};
			buildConfigurationList = F846B90C27FB64F8001E6476 /* Build configuration list for PBXProject "UsersJSON" */;
			compatibilityVersion = "Xcode 13.0";
			developmentRegion = en;
			hasScannedForEncodings = 0;
			knownRegions = (
				en,
				Base,
			);
			mainGroup = F846B90827FB64F8001E6476;
			productRefGroup = F846B91227FB64F8001E6476 /* Products */;
			projectDirPath = "";
			projectRoot = "";
			targets = (
				F846B91027FB64F8001E6476 /* UsersJSON */,
			);
		};
/* End PBXProject section */

/* Begin PBXResourcesBuildPhase section */
		F846B90F27FB64F8001E6476 /* Resources */ = {
			isa = PBXResourcesBuildPhase;
			buildActionMask = 2147483647;
			files = (
				F846B91C27FB64F9001E6476 /* Preview Assets.xcassets in Resources */,
				F846B91927FB64F9001E6476 /* Assets.xcassets in Resources */,
			);
			runOnlyForDeploymentPostprocessing = 0;
		};
/* End PBXResourcesBuildPhase section */

/* Begin PBXSourcesBuildPhase section */
		F846B90D27FB64F8001E6476 /* Sources */ = {
			isa = PBXSourcesBuildPhase;
			buildActionMask = 2147483647;
			files = (
				F8AC8D7227FB6F8C00908433 /* User.swift in Sources */,
				F846B91527FB64F8001E6476 /* UsersJSONApp.swift in Sources */,
				F8AC8D7427FB711300908433 /* UserViewModel.swift in Sources */,
				F8AC8D7027FB6F8100908433 /* previewUser.swift in Sources */,
				F8AC8D7627FB738800908433 /* UsersView.swift in Sources */,
			);
			runOnlyForDeploymentPostprocessing = 0;
		};
/* End PBXSourcesBuildPhase section */

/* Begin XCBuildConfiguration section */
		F846B91D27FB64F9001E6476 /* Debug */ = {
			isa = XCBuildConfiguration;
			buildSettings = {
				ALWAYS_SEARCH_USER_PATHS = NO;
				CLANG_ANALYZER_NONNULL = YES;
				CLANG_ANALYZER_NUMBER_OBJECT_CONVERSION = YES_AGGRESSIVE;
				CLANG_CXX_LANGUAGE_STANDARD = "gnu++17";
				CLANG_ENABLE_MODULES = YES;
				CLANG_ENABLE_OBJC_ARC = YES;
				CLANG_ENABLE_OBJC_WEAK = YES;
				CLANG_WARN_BLOCK_CAPTURE_AUTORELEASING = YES;
				CLANG_WARN_BOOL_CONVERSION = YES;
				CLANG_WARN_COMMA = YES;
				CLANG_WARN_CONSTANT_CONVERSION = YES;
				CLANG_WARN_DEPRECATED_OBJC_IMPLEMENTATIONS = YES;
				CLANG_WARN_DIRECT_OBJC_ISA_USAGE = YES_ERROR;
				CLANG_WARN_DOCUMENTATION_COMMENTS = YES;
				CLANG_WARN_EMPTY_BODY = YES;
				CLANG_WARN_ENUM_CONVERSION = YES;
				CLANG_WARN_INFINITE_RECURSION = YES;
				CLANG_WARN_INT_CONVERSION = YES;
				CLANG_WARN_NON_LITERAL_NULL_CONVERSION = YES;
				CLANG_WARN_OBJC_IMPLICIT_RETAIN_SELF = YES;
				CLANG_WARN_OBJC_LITERAL_CONVERSION = YES;
				CLANG_WARN_OBJC_ROOT_CLASS = YES_ERROR;
				CLANG_WARN_QUOTED_INCLUDE_IN_FRAMEWORK_HEADER = YES;
				CLANG_WARN_RANGE_LOOP_ANALYSIS = YES;
				CLANG_WARN_STRICT_PROTOTYPES = YES;
				CLANG_WARN_SUSPICIOUS_MOVE = YES;
				CLANG_WARN_UNGUARDED_AVAILABILITY = YES_AGGRESSIVE;
				CLANG_WARN_UNREACHABLE_CODE = YES;
				CLANG_WARN__DUPLICATE_METHOD_MATCH = YES;
				COPY_PHASE_STRIP = NO;
				DEBUG_INFORMATION_FORMAT = dwarf;
				ENABLE_STRICT_OBJC_MSGSEND = YES;
				ENABLE_TESTABILITY = YES;
				GCC_C_LANGUAGE_STANDARD = gnu11;
				GCC_DYNAMIC_NO_PIC = NO;
				GCC_NO_COMMON_BLOCKS = YES;
				GCC_OPTIMIZATION_LEVEL = 0;
				GCC_PREPROCESSOR_DEFINITIONS = (
					"DEBUG=1",
					"$(inherited)",
				);
				GCC_WARN_64_TO_32_BIT_CONVERSION = YES;
				GCC_WARN_ABOUT_RETURN_TYPE = YES_ERROR;
				GCC_WARN_UNDECLARED_SELECTOR = YES;
				GCC_WARN_UNINITIALIZED_AUTOS = YES_AGGRESSIVE;
				GCC_WARN_UNUSED_FUNCTION = YES;
				GCC_WARN_UNUSED_VARIABLE = YES;
				IPHONEOS_DEPLOYMENT_TARGET = 15.4;
				MTL_ENABLE_DEBUG_INFO = INCLUDE_SOURCE;
				MTL_FAST_MATH = YES;
				ONLY_ACTIVE_ARCH = YES;
				SDKROOT = iphoneos;
				SWIFT_ACTIVE_COMPILATION_CONDITIONS = DEBUG;
				SWIFT_OPTIMIZATION_LEVEL = "-Onone";
			};
			name = Debug;
		};
		F846B91E27FB64F9001E6476 /* Release */ = {
			isa = XCBuildConfiguration;
			buildSettings = {
				ALWAYS_SEARCH_USER_PATHS = NO;
				CLANG_ANALYZER_NONNULL = YES;
				CLANG_ANALYZER_NUMBER_OBJECT_CONVERSION = YES_AGGRESSIVE;
				CLANG_CXX_LANGUAGE_STANDARD = "gnu++17";
				CLANG_ENABLE_MODULES = YES;
				CLANG_ENABLE_OBJC_ARC = YES;
				CLANG_ENABLE_OBJC_WEAK = YES;
				CLANG_WARN_BLOCK_CAPTURE_AUTORELEASING = YES;
				CLANG_WARN_BOOL_CONVERSION = YES;
				CLANG_WARN_COMMA = YES;
				CLANG_WARN_CONSTANT_CONVERSION = YES;
				CLANG_WARN_DEPRECATED_OBJC_IMPLEMENTATIONS = YES;
				CLANG_WARN_DIRECT_OBJC_ISA_USAGE = YES_ERROR;
				CLANG_WARN_DOCUMENTATION_COMMENTS = YES;
				CLANG_WARN_EMPTY_BODY = YES;
				CLANG_WARN_ENUM_CONVERSION = YES;
				CLANG_WARN_INFINITE_RECURSION = YES;
				CLANG_WARN_INT_CONVERSION = YES;
				CLANG_WARN_NON_LITERAL_NULL_CONVERSION = YES;
				CLANG_WARN_OBJC_IMPLICIT_RETAIN_SELF = YES;
				CLANG_WARN_OBJC_LITERAL_CONVERSION = YES;
				CLANG_WARN_OBJC_ROOT_CLASS = YES_ERROR;
				CLANG_WARN_QUOTED_INCLUDE_IN_FRAMEWORK_HEADER = YES;
				CLANG_WARN_RANGE_LOOP_ANALYSIS = YES;
				CLANG_WARN_STRICT_PROTOTYPES = YES;
				CLANG_WARN_SUSPICIOUS_MOVE = YES;
				CLANG_WARN_UNGUARDED_AVAILABILITY = YES_AGGRESSIVE;
				CLANG_WARN_UNREACHABLE_CODE = YES;
				CLANG_WARN__DUPLICATE_METHOD_MATCH = YES;
				COPY_PHASE_STRIP = NO;
				DEBUG_INFORMATION_FORMAT = "dwarf-with-dsym";
				ENABLE_NS_ASSERTIONS = NO;
				ENABLE_STRICT_OBJC_MSGSEND = YES;
				GCC_C_LANGUAGE_STANDARD = gnu11;
				GCC_NO_COMMON_BLOCKS = YES;
				GCC_WARN_64_TO_32_BIT_CONVERSION = YES;
				GCC_WARN_ABOUT_RETURN_TYPE = YES_ERROR;
				GCC_WARN_UNDECLARED_SELECTOR = YES;
				GCC_WARN_UNINITIALIZED_AUTOS = YES_AGGRESSIVE;
				GCC_WARN_UNUSED_FUNCTION = YES;
				GCC_WARN_UNUSED_VARIABLE = YES;
				IPHONEOS_DEPLOYMENT_TARGET = 15.4;
				MTL_ENABLE_DEBUG_INFO = NO;
				MTL_FAST_MATH = YES;
				SDKROOT = iphoneos;
				SWIFT_COMPILATION_MODE = wholemodule;
				SWIFT_OPTIMIZATION_LEVEL = "-O";
				VALIDATE_PRODUCT = YES;
			};
			name = Release;
		};
		F846B92027FB64F9001E6476 /* Debug */ = {
			isa = XCBuildConfiguration;
			buildSettings = {
				ASSETCATALOG_COMPILER_APPICON_NAME = AppIcon;
				ASSETCATALOG_COMPILER_GLOBAL_ACCENT_COLOR_NAME = AccentColor;
				CODE_SIGN_STYLE = Automatic;
				CURRENT_PROJECT_VERSION = 1;
				DEVELOPMENT_ASSET_PATHS = "\"UsersJSON/Preview Content\"";
				DEVELOPMENT_TEAM = H5J3S6F67R;
				ENABLE_PREVIEWS = YES;
				GENERATE_INFOPLIST_FILE = YES;
				INFOPLIST_KEY_UIApplicationSceneManifest_Generation = YES;
				INFOPLIST_KEY_UIApplicationSupportsIndirectInputEvents = YES;
				INFOPLIST_KEY_UILaunchScreen_Generation = YES;
				INFOPLIST_KEY_UISupportedInterfaceOrientations_iPad = "UIInterfaceOrientationPortrait UIInterfaceOrientationPortraitUpsideDown UIInterfaceOrientationLandscapeLeft UIInterfaceOrientationLandscapeRight";
				INFOPLIST_KEY_UISupportedInterfaceOrientations_iPhone = "UIInterfaceOrientationPortrait UIInterfaceOrientationLandscapeLeft UIInterfaceOrientationLandscapeRight";
				LD_RUNPATH_SEARCH_PATHS = (
					"$(inherited)",
					"@executable_path/Frameworks",
				);
				MARKETING_VERSION = 1.0;
				PRODUCT_BUNDLE_IDENTIFIER = com.pal.artem.UsersJSON;
				PRODUCT_NAME = "$(TARGET_NAME)";
				SWIFT_EMIT_LOC_STRINGS = YES;
				SWIFT_VERSION = 5.0;
				TARGETED_DEVICE_FAMILY = "1,2";
			};
			name = Debug;
		};
		F846B92127FB64F9001E6476 /* Release */ = {
			isa = XCBuildConfiguration;
			buildSettings = {
				ASSETCATALOG_COMPILER_APPICON_NAME = AppIcon;
				ASSETCATALOG_COMPILER_GLOBAL_ACCENT_COLOR_NAME = AccentColor;
				CODE_SIGN_STYLE = Automatic;
				CURRENT_PROJECT_VERSION = 1;
				DEVELOPMENT_ASSET_PATHS = "\"UsersJSON/Preview Content\"";
				DEVELOPMENT_TEAM = H5J3S6F67R;
				ENABLE_PREVIEWS = YES;
				GENERATE_INFOPLIST_FILE = YES;
				INFOPLIST_KEY_UIApplicationSceneManifest_Generation = YES;
				INFOPLIST_KEY_UIApplicationSupportsIndirectInputEvents = YES;
				INFOPLIST_KEY_UILaunchScreen_Generation = YES;
				INFOPLIST_KEY_UISupportedInterfaceOrientations_iPad = "UIInterfaceOrientationPortrait UIInterfaceOrientationPortraitUpsideDown UIInterfaceOrientationLandscapeLeft UIInterfaceOrientationLandscapeRight";
				INFOPLIST_KEY_UISupportedInterfaceOrientations_iPhone = "UIInterfaceOrientationPortrait UIInterfaceOrientationLandscapeLeft UIInterfaceOrientationLandscapeRight";
				LD_RUNPATH_SEARCH_PATHS = (
					"$(inherited)",
					"@executable_path/Frameworks",
				);
				MARKETING_VERSION = 1.0;
				PRODUCT_BUNDLE_IDENTIFIER = com.pal.artem.UsersJSON;
				PRODUCT_NAME = "$(TARGET_NAME)";
				SWIFT_EMIT_LOC_STRINGS = YES;
				SWIFT_VERSION = 5.0;
				TARGETED_DEVICE_FAMILY = "1,2";
			};
			name = Release;
		};
/* End XCBuildConfiguration section */

/* Begin XCConfigurationList section */
		F846B90C27FB64F8001E6476 /* Build configuration list for PBXProject "UsersJSON" */ = {
			isa = XCConfigurationList;
			buildConfigurations = (
				F846B91D27FB64F9001E6476 /* Debug */,
				F846B91E27FB64F9001E6476 /* Release */,
			);
			defaultConfigurationIsVisible = 0;
			defaultConfigurationName = Release;
		};
		F846B91F27FB64F9001E6476 /* Build configuration list for PBXNativeTarget "UsersJSON" */ = {
			isa = XCConfigurationList;
			buildConfigurations = (
				F846B92027FB64F9001E6476 /* Debug */,
				F846B92127FB64F9001E6476 /* Release */,
			);
			defaultConfigurationIsVisible = 0;
			defaultConfigurationName = Release;
		};
/* End XCConfigurationList section */
	};
	rootObject = F846B90927FB64F8001E6476 /* Project object */;
}
